
Microsoft Visual Studio Solution File, Format Version 12.00
# Visual Studio 15
Project("{FAE04EC0-301F-11D3-BF4B-00C04F79EFBC}") = "New Project", "New Project.csproj", "{E3D82ED9-BE9B-3EEB-28CE-76663B5F395A}"
EndProject
Project("{FAE04EC0-301F-11D3-BF4B-00C04F79EFBC}") = "New Project.Editor", "New Project.Editor.csproj", "{9C44C4AA-44B4-A5A7-5848-58D7B9D8BCA9}"
EndProject
Global
	GlobalSection(SolutionConfigurationPlatforms) = preSolution
		Debug|Any CPU = Debug|Any CPU
		Release|Any CPU = Release|Any CPU
	EndGlobalSection
	GlobalSection(ProjectConfigurationPlatforms) = postSolution
		{E3D82ED9-BE9B-3EEB-28CE-76663B5F395A}.Debug|Any CPU.ActiveCfg = Debug|Any CPU
		{E3D82ED9-BE9B-3EEB-28CE-76663B5F395A}.Debug|Any CPU.Build.0 = Debug|Any CPU
		{E3D82ED9-BE9B-3EEB-28CE-76663B5F395A}.Release|Any CPU.ActiveCfg = Release|Any CPU
		{E3D82ED9-BE9B-3EEB-28CE-76663B5F395A}.Release|Any CPU.Build.0 = Release|Any CPU
		{9C44C4AA-44B4-A5A7-5848-58D7B9D8BCA9}.Debug|Any CPU.ActiveCfg = Debug|Any CPU
		{9C44C4AA-44B4-A5A7-5848-58D7B9D8BCA9}.Debug|Any CPU.Build.0 = Debug|Any CPU
		{9C44C4AA-44B4-A5A7-5848-58D7B9D8BCA9}.Release|Any CPU.ActiveCfg = Release|Any CPU
		{9C44C4AA-44B4-A5A7-5848-58D7B9D8BCA9}.Release|Any CPU.Build.0 = Release|Any CPU
	EndGlobalSection
	GlobalSection(SolutionProperties) = preSolution
		HideSolutionNode = FALSE
	EndGlobalSection
EndGlobal
